
Microsoft Visual Studio Solution File, Format Version 12.00
# Visual Studio Version 17
VisualStudioVersion = 17.0.31903.59
MinimumVisualStudioVersion = 10.0.40219.1
Project("{FAE04EC0-301F-11D3-BF4B-00C04F79EFBC}") = "Persistence", "Persistence\Persistence.csproj", "{BE951F9D-A9F8-4822-89EF-E1FB7317C537}"
EndProject
Project("{FAE04EC0-301F-11D3-BF4B-00C04F79EFBC}") = "Application", "Application\Application.csproj", "{4B928C41-D623-4B80-94FC-6F473817FC91}"
EndProject
Project("{FAE04EC0-301F-11D3-BF4B-00C04F79EFBC}") = "Domain", "Domain\Domain.csproj", "{320BC001-B8B8-4C86-8E09-C3F07A1F4EEB}"
EndProject
Project("{FAE04EC0-301F-11D3-BF4B-00C04F79EFBC}") = "Security", "Security\Security.csproj", "{BD69E1D5-0086-49BB-AEF3-01AF0EAD6808}"
EndProject
Project("{FAE04EC0-301F-11D3-BF4B-00C04F79EFBC}") = "WebAPI", "WebAPI\WebAPI.csproj", "{2E8F18EF-C03B-4CF2-A5E2-D055D6C0F8C4}"
EndProject
Global
	GlobalSection(SolutionConfigurationPlatforms) = preSolution
		Debug|Any CPU = Debug|Any CPU
		Release|Any CPU = Release|Any CPU
	EndGlobalSection
	GlobalSection(SolutionProperties) = preSolution
		HideSolutionNode = FALSE
	EndGlobalSection
	GlobalSection(ProjectConfigurationPlatforms) = postSolution
		{BE951F9D-A9F8-4822-89EF-E1FB7317C537}.Debug|Any CPU.ActiveCfg = Debug|Any CPU
		{BE951F9D-A9F8-4822-89EF-E1FB7317C537}.Debug|Any CPU.Build.0 = Debug|Any CPU
		{BE951F9D-A9F8-4822-89EF-E1FB7317C537}.Release|Any CPU.ActiveCfg = Release|Any CPU
		{BE951F9D-A9F8-4822-89EF-E1FB7317C537}.Release|Any CPU.Build.0 = Release|Any CPU
		{4B928C41-D623-4B80-94FC-6F473817FC91}.Debug|Any CPU.ActiveCfg = Debug|Any CPU
		{4B928C41-D623-4B80-94FC-6F473817FC91}.Debug|Any CPU.Build.0 = Debug|Any CPU
		{4B928C41-D623-4B80-94FC-6F473817FC91}.Release|Any CPU.ActiveCfg = Release|Any CPU
		{4B928C41-D623-4B80-94FC-6F473817FC91}.Release|Any CPU.Build.0 = Release|Any CPU
		{320BC001-B8B8-4C86-8E09-C3F07A1F4EEB}.Debug|Any CPU.ActiveCfg = Debug|Any CPU
		{320BC001-B8B8-4C86-8E09-C3F07A1F4EEB}.Debug|Any CPU.Build.0 = Debug|Any CPU
		{320BC001-B8B8-4C86-8E09-C3F07A1F4EEB}.Release|Any CPU.ActiveCfg = Release|Any CPU
		{320BC001-B8B8-4C86-8E09-C3F07A1F4EEB}.Release|Any CPU.Build.0 = Release|Any CPU
		{BD69E1D5-0086-49BB-AEF3-01AF0EAD6808}.Debug|Any CPU.ActiveCfg = Debug|Any CPU
		{BD69E1D5-0086-49BB-AEF3-01AF0EAD6808}.Debug|Any CPU.Build.0 = Debug|Any CPU
		{BD69E1D5-0086-49BB-AEF3-01AF0EAD6808}.Release|Any CPU.ActiveCfg = Release|Any CPU
		{BD69E1D5-0086-49BB-AEF3-01AF0EAD6808}.Release|Any CPU.Build.0 = Release|Any CPU
		{2E8F18EF-C03B-4CF2-A5E2-D055D6C0F8C4}.Debug|Any CPU.ActiveCfg = Debug|Any CPU
		{2E8F18EF-C03B-4CF2-A5E2-D055D6C0F8C4}.Debug|Any CPU.Build.0 = Debug|Any CPU
		{2E8F18EF-C03B-4CF2-A5E2-D055D6C0F8C4}.Release|Any CPU.ActiveCfg = Release|Any CPU
		{2E8F18EF-C03B-4CF2-A5E2-D055D6C0F8C4}.Release|Any CPU.Build.0 = Release|Any CPU
	EndGlobalSection
EndGlobal
